
Microsoft Visual Studio Solution File, Format Version 12.00
# Visual Studio 15
VisualStudioVersion = 15.0.25807.0
MinimumVisualStudioVersion = 10.0.40219.1
Project("{2150E333-8FDC-42A3-9474-1A3956D46DE8}") = "Engine", "Engine", "{69120721-7C65-489E-A415-0184A165D0EE}"
EndProject
Project("{2150E333-8FDC-42A3-9474-1A3956D46DE8}") = "Games", "Games", "{53E2557F-C8E4-4886-A040-A239361E2EDF}"
EndProject
Project("{8BC9CEB8-8B4A-11D0-8D11-00A0C91BC942}") = "UE4", "Intermediate\ProjectFiles\UE4.vcxproj", "{053F41A5-2C4F-4656-A1F5-7EC05A445853}"
EndProject
Project("{8BC9CEB8-8B4A-11D0-8D11-00A0C91BC942}") = "Dayz", "Intermediate\ProjectFiles\Dayz.vcxproj", "{3294F2BF-772A-4D61-9184-91E5F3DCFC44}"
EndProject
Project("{2150E333-8FDC-42A3-9474-1A3956D46DE8}") = "Visualizers", "Visualizers", "{C12582BA-3DA7-4E54-B808-7399C6A256FA}"
	ProjectSection(SolutionItems) = preProject
		..\..\..\..\..\Program Files\Epic Games\UE_4.24\Engine\Extras\VisualStudioDebugging\UE4.natvis = ..\..\..\..\..\Program Files\Epic Games\UE_4.24\Engine\Extras\VisualStudioDebugging\UE4.natvis
	EndProjectSection
EndProject
Global
	GlobalSection(SolutionConfigurationPlatforms) = preSolution
		DebugGame Editor|Win32 = DebugGame Editor|Win32
		DebugGame Editor|Win64 = DebugGame Editor|Win64
		DebugGame|Win32 = DebugGame|Win32
		DebugGame|Win64 = DebugGame|Win64
		Development Editor|Win32 = Development Editor|Win32
		Development Editor|Win64 = Development Editor|Win64
		Development|Win32 = Development|Win32
		Development|Win64 = Development|Win64
		Shipping|Win32 = Shipping|Win32
		Shipping|Win64 = Shipping|Win64
	EndGlobalSection
	GlobalSection(ProjectConfigurationPlatforms) = postSolution
		{053F41A5-2C4F-4656-A1F5-7EC05A445853}.DebugGame Editor|Win32.ActiveCfg = BuiltWithUnrealBuildTool|Win32
		{053F41A5-2C4F-4656-A1F5-7EC05A445853}.DebugGame Editor|Win64.ActiveCfg = BuiltWithUnrealBuildTool|Win32
		{053F41A5-2C4F-4656-A1F5-7EC05A445853}.DebugGame|Win32.ActiveCfg = BuiltWithUnrealBuildTool|Win32
		{053F41A5-2C4F-4656-A1F5-7EC05A445853}.DebugGame|Win64.ActiveCfg = BuiltWithUnrealBuildTool|Win32
		{053F41A5-2C4F-4656-A1F5-7EC05A445853}.Development Editor|Win32.ActiveCfg = BuiltWithUnrealBuildTool|Win32
		{053F41A5-2C4F-4656-A1F5-7EC05A445853}.Development Editor|Win64.ActiveCfg = BuiltWithUnrealBuildTool|Win32
		{053F41A5-2C4F-4656-A1F5-7EC05A445853}.Development|Win32.ActiveCfg = BuiltWithUnrealBuildTool|Win32
		{053F41A5-2C4F-4656-A1F5-7EC05A445853}.Development|Win64.ActiveCfg = BuiltWithUnrealBuildTool|Win32
		{053F41A5-2C4F-4656-A1F5-7EC05A445853}.Shipping|Win32.ActiveCfg = BuiltWithUnrealBuildTool|Win32
		{053F41A5-2C4F-4656-A1F5-7EC05A445853}.Shipping|Win64.ActiveCfg = BuiltWithUnrealBuildTool|Win32
		{3294F2BF-772A-4D61-9184-91E5F3DCFC44}.DebugGame Editor|Win32.ActiveCfg = Invalid|Win32
		{3294F2BF-772A-4D61-9184-91E5F3DCFC44}.DebugGame Editor|Win64.ActiveCfg = DebugGame_Editor|x64
		{3294F2BF-772A-4D61-9184-91E5F3DCFC44}.DebugGame Editor|Win64.Build.0 = DebugGame_Editor|x64
		{3294F2BF-772A-4D61-9184-91E5F3DCFC44}.DebugGame|Win32.ActiveCfg = DebugGame|Win32
		{3294F2BF-772A-4D61-9184-91E5F3DCFC44}.DebugGame|Win32.Build.0 = DebugGame|Win32
		{3294F2BF-772A-4D61-9184-91E5F3DCFC44}.DebugGame|Win64.ActiveCfg = DebugGame|x64
		{3294F2BF-772A-4D61-9184-91E5F3DCFC44}.DebugGame|Win64.Build.0 = DebugGame|x64
		{3294F2BF-772A-4D61-9184-91E5F3DCFC44}.Development Editor|Win32.ActiveCfg = Invalid|Win32
		{3294F2BF-772A-4D61-9184-91E5F3DCFC44}.Development Editor|Win64.ActiveCfg = Development_Editor|x64
		{3294F2BF-772A-4D61-9184-91E5F3DCFC44}.Development Editor|Win64.Build.0 = Development_Editor|x64
		{3294F2BF-772A-4D61-9184-91E5F3DCFC44}.Development|Win32.ActiveCfg = Development|Win32
		{3294F2BF-772A-4D61-9184-91E5F3DCFC44}.Development|Win32.Build.0 = Development|Win32
		{3294F2BF-772A-4D61-9184-91E5F3DCFC44}.Development|Win64.ActiveCfg = Development|x64
		{3294F2BF-772A-4D61-9184-91E5F3DCFC44}.Development|Win64.Build.0 = Development|x64
		{3294F2BF-772A-4D61-9184-91E5F3DCFC44}.Shipping|Win32.ActiveCfg = Shipping|Win32
		{3294F2BF-772A-4D61-9184-91E5F3DCFC44}.Shipping|Win32.Build.0 = Shipping|Win32
		{3294F2BF-772A-4D61-9184-91E5F3DCFC44}.Shipping|Win64.ActiveCfg = Shipping|x64
		{3294F2BF-772A-4D61-9184-91E5F3DCFC44}.Shipping|Win64.Build.0 = Shipping|x64
	EndGlobalSection
	GlobalSection(SolutionProperties) = preSolution
		HideSolutionNode = FALSE
	EndGlobalSection
	GlobalSection(NestedProjects) = preSolution
		{053F41A5-2C4F-4656-A1F5-7EC05A445853} = {69120721-7C65-489E-A415-0184A165D0EE}
		{3294F2BF-772A-4D61-9184-91E5F3DCFC44} = {53E2557F-C8E4-4886-A040-A239361E2EDF}
	EndGlobalSection
EndGlobal
